PODS:
  - LLToolbox (0.1.2):
    - LLToolbox/Categorys (= 0.1.2)
    - LLToolbox/Functions (= 0.1.2)
    - LLToolbox/Views (= 0.1.2)
  - LLToolbox/Categorys (0.1.2)
  - LLToolbox/Functions (0.1.2)
  - LLToolbox/Views (0.1.2):
    - LLToolbox/Categorys

DEPENDENCIES:
  - LLToolbox (from `../`)

EXTERNAL SOURCES:
  LLToolbox:
    :path: "../"

SPEC CHECKSUMS:
  LLToolbox: 8969a2e0e59aeb467c5dfdc017cc73a572443729

PODFILE CHECKSUM: 70cfb4929b039227ee7045c3681137d9eed0496c

COCOAPODS: 1.7.2
