PODS:
  - LLToolbox (0.2.8):
    - LLToolbox/Categorys (= 0.2.8)
    - LLToolbox/Functions (= 0.2.8)
    - LLToolbox/Views (= 0.2.8)
  - LLToolbox/Categorys (0.2.8)
  - LLToolbox/Functions (0.2.8)
  - LLToolbox/Views (0.2.8):
    - LLToolbox/Categorys

DEPENDENCIES:
  - LLToolbox (from `../`)

EXTERNAL SOURCES:
  LLToolbox:
    :path: "../"

SPEC CHECKSUMS:
  LLToolbox: 141d21120f32c82e5e6988b573b8a4fe614762cd

PODFILE CHECKSUM: 70cfb4929b039227ee7045c3681137d9eed0496c

COCOAPODS: 1.9.3
