PODS:
  - LLToolbox (0.1.1):
    - LLToolbox/Categorys (= 0.1.1)
    - LLToolbox/Functions (= 0.1.1)
  - LLToolbox/Categorys (0.1.1)
  - LLToolbox/Functions (0.1.1)

DEPENDENCIES:
  - LLToolbox (from `../`)

EXTERNAL SOURCES:
  LLToolbox:
    :path: "../"

SPEC CHECKSUMS:
  LLToolbox: d96bdb59cf70d5791e4f3e3038a32aedc5ea22d9

PODFILE CHECKSUM: 70cfb4929b039227ee7045c3681137d9eed0496c

COCOAPODS: 1.7.2
